
Microsoft Visual Studio Solution File, Format Version 12.00
# Visual Studio Version 16
VisualStudioVersion = 16.0.29306.81
MinimumVisualStudioVersion = 10.0.40219.1
Project("{9A19103F-16F7-4668-BE54-9A1E7A4F7556}") = "SDServer", "TrabalhoSD\SDServer.csproj", "{60032633-9EB8-4B8D-BE7D-C8C343821C4B}"
EndProject
Global
	GlobalSection(SolutionConfigurationPlatforms) = preSolution
		Debug|Any CPU = Debug|Any CPU
		Release|Any CPU = Release|Any CPU
	EndGlobalSection
	GlobalSection(ProjectConfigurationPlatforms) = postSolution
		{60032633-9EB8-4B8D-BE7D-C8C343821C4B}.Debug|Any CPU.ActiveCfg = Debug|Any CPU
		{60032633-9EB8-4B8D-BE7D-C8C343821C4B}.Debug|Any CPU.Build.0 = Debug|Any CPU
		{60032633-9EB8-4B8D-BE7D-C8C343821C4B}.Release|Any CPU.ActiveCfg = Release|Any CPU
		{60032633-9EB8-4B8D-BE7D-C8C343821C4B}.Release|Any CPU.Build.0 = Release|Any CPU
	EndGlobalSection
	GlobalSection(SolutionProperties) = preSolution
		HideSolutionNode = FALSE
	EndGlobalSection
	GlobalSection(ExtensibilityGlobals) = postSolution
		SolutionGuid = {6BA9DA20-9E2C-4047-AD79-309C4C43A47A}
	EndGlobalSection
EndGlobal
